github.com/davecgh/go-spew v1.1.1 h1:vj9j/u1bqnvCEfJOwUhtlOARqs3+rkHYY13jYWTU97c=
github.com/davecgh/go-spew v1.1.1/go.mod h1:J7Y8YcW2NihsgmVo/mv3lAwl/skON4iLHjSsI+c5H38=
github.com/gorilla/websocket v0.0.0-20180420171612-21ab95fa12b9 h1:XM0qkx9Su0WV9s1e5A7xr9ZX0NUYxp7L0cbmJGjKZio=
github.com/gorilla/websocket v0.0.0-20180420171612-21ab95fa12b9/go.mod h1:E7qHFY5m1UJ88s3WnNqhKjPHQ0heANvMoAMk2YaljkQ=
github.com/hashicorp/errwrap v0.0.0-20141028054710-7554cd9344ce h1:prjrVgOk2Yg6w+PflHoszQNLTUh4kaByUcEWM/9uin4=
github.com/hashicorp/errwrap v0.0.0-20141028054710-7554cd9344ce/go.mod h1:YH+1FKiLXxHSkmPseP+kNlulaMuP3n2brvKWEqk/Jc4=
github.com/hashicorp/go-multierror v0.0.0-20171204182908-b7773ae21874 h1:em+tTnzgU7N22woTBMcSJAOW7tRHAkK597W+MD/CpK8=
github.com/hashicorp/go-multierror v0.0.0-20171204182908-b7773ae21874/go.mod h1:JMRHfdO9jKNzS/+BTlxCjKNQHg/jZAft8U7LloJvN7I=
github.com/lusis/go-slackbot v0.0.0-20180109053408-401027ccfef5 h1:AsEBgzv3DhuYHI/GiQh2HxvTP71HCCE9E/tzGUzGdtU=
github.com/lusis/go-slackbot v0.0.0-20180109053408-401027ccfef5/go.mod h1:c2mYKRyMb1BPkO5St0c/ps62L4S0W2NAkaTXj9qEI+0=
github.com/lusis/slack-test v0.0.0-20180109053238-3c758769bfa6 h1:iOAVXzZyXtW408TMYejlUPo6BIn92HmOacWtIfNyYns=
github.com/lusis/slack-test v0.0.0-20180109053238-3c758769bfa6/go.mod h1:sFlOUpQL1YcjhFVXhg1CG8ZASEs/Mf1oVb6H75JL/zg=
github.com/nlopes/slack v0.0.0-20180509172332-d8ac454a777b h1:jwMBMAGqRMZjjr3ooQToMCzI3mxxowDh1JlHWSll6AY=
github.com/nlopes/slack v0.0.0-20180509172332-d8ac454a777b/go.mod h1:jVI4BBK3lSktibKahxBF74txcK2vyvkza1z/+rRnVAM=
github.com/pkg/errors v0.0.0-20180311214515-816c9085562c h1:F5RoIh7F9wB47PvXvpP1+Ihq1TkyC8iRdvwfKkESEZQ=
github.com/pkg/errors v0.0.0-20180311214515-816c9085562c/go.mod h1:bwawxfHBFNV+L2hUp1rHADufV3IMtnDRdf1r5NINEl0=
github.com/pmezard/go-difflib v1.0.0 h1:4DBwDE0NGyQoBHbLQYPwSUPoCMWR5BEzIk/f1lZbAQM=
github.com/pmezard/go-difflib v1.0.0/go.mod h1:iKH77koFhYxTK1pcRnkKkqfTogsbg7gZNVY4sRDYZ/4=
github.com/sigurn/crc8 v0.0.0-20160107002456-e55481d6f45c h1:hk0Jigjfq59yDMgd6bzi22Das5tyxU0CtOkh7a9io84=
github.com/sigurn/crc8 v0.0.0-20160107002456-e55481d6f45c/go.mod h1:cyrWuItcOVIGX6fBZ/G00z4ykprWM7hH58fSavNkjRg=
github.com/sigurn/utils v0.0.0-20151230205143-f19e41f79f8f h1:fKe0QdNJw68NO8iUdbC+jlwaA7/pA8sw0caZkpeXFTc=
github.com/sigurn/utils v0.0.0-20151230205143-f19e41f79f8f/go.mod h1:VRI4lXkrUH5Cygl6mbG1BRUfMMoT2o8BkrtBDUAm+GU=
github.com/stretchr/testify v1.2.2 h1:bSDNvY7ZPG5RlJ8otE/7V6gMiyenm9RtJ7IUVIAoJ1w=
github.com/stretchr/testify v1.2.2/go.mod h1:a8OnRcib4nhh0OaRAV+Yts87kKdq0PP7pXfy6kDkUVs=
gobot.io/x/gobot v0.0.0-20180424110349-b2ddfe7895c4 h1:ypxU0QQ0ZpjWr775Y29yVKBSPIrJ0ZiFaAZjo4AiOLQ=
gobot.io/x/gobot v0.0.0-20180424110349-b2ddfe7895c4/go.mod h1:yQwOPKcHJsXOfrtPaszuiCm/QkUhSNvDwf8+BTrll1A=
